
Microsoft Visual Studio Solution File, Format Version 12.00
# Visual Studio Version 16
VisualStudioVersion = 16.0.810.16
MinimumVisualStudioVersion = 10.0.40219.1
Project("{FAE04EC0-301F-11D3-BF4B-00C04F79EFBC}") = "TodoApi", "TodoApi\TodoApi.csproj", "{C3DA9A69-4FDB-4D5F-8C7C-00325E8B786E}"
EndProject
Global
	GlobalSection(SolutionConfigurationPlatforms) = preSolution
		Debug|Any CPU = Debug|Any CPU
		Release|Any CPU = Release|Any CPU
	EndGlobalSection
	GlobalSection(ProjectConfigurationPlatforms) = postSolution
		{C3DA9A69-4FDB-4D5F-8C7C-00325E8B786E}.Debug|Any CPU.ActiveCfg = Debug|Any CPU
		{C3DA9A69-4FDB-4D5F-8C7C-00325E8B786E}.Debug|Any CPU.Build.0 = Debug|Any CPU
		{C3DA9A69-4FDB-4D5F-8C7C-00325E8B786E}.Release|Any CPU.ActiveCfg = Release|Any CPU
		{C3DA9A69-4FDB-4D5F-8C7C-00325E8B786E}.Release|Any CPU.Build.0 = Release|Any CPU
	EndGlobalSection
	GlobalSection(SolutionProperties) = preSolution
		HideSolutionNode = FALSE
	EndGlobalSection
	GlobalSection(ExtensibilityGlobals) = postSolution
		SolutionGuid = {BEAE1508-C713-48D6-A6D6-DCC9997A04B0}
	EndGlobalSection
EndGlobal
